// !$*UTF8*$!
{
	archiveVersion = 1;
	classes = {
	};
	objectVersion = 46;
	objects = {

/* Begin PBXBuildFile section */
		EB176A631D8CF354003B7823 /* Story.swift in Sources */ = {isa = PBXBuildFile; fileRef = EB176A621D8CF354003B7823 /* Story.swift */; };
		EB176A661D8CF446003B7823 /* StoryCell.swift in Sources */ = {isa = PBXBuildFile; fileRef = EB176A651D8CF446003B7823 /* StoryCell.swift */; };
		EB176A681D8D5DF4003B7823 /* StoryViewController.swift in Sources */ = {isa = PBXBuildFile; fileRef = EB176A671D8D5DF4003B7823 /* StoryViewController.swift */; };
		EB176A6A1D8D62D5003B7823 /* StoryTextView.swift in Sources */ = {isa = PBXBuildFile; fileRef = EB176A691D8D62D5003B7823 /* StoryTextView.swift */; };
		EB176A6C1D8D62E8003B7823 /* StoryTextView.xib in Resources */ = {isa = PBXBuildFile; fileRef = EB176A6B1D8D62E8003B7823 /* StoryTextView.xib */; };
		EB176A701D8D75F1003B7823 /* StoryLessonView.swift in Sources */ = {isa = PBXBuildFile; fileRef = EB176A6F1D8D75F1003B7823 /* StoryLessonView.swift */; };
		EB176A721D8D7602003B7823 /* StoryLessonView.xib in Resources */ = {isa = PBXBuildFile; fileRef = EB176A711D8D7602003B7823 /* StoryLessonView.xib */; };
		EB176A771D8D771C003B7823 /* verbs-and-pronouns.html in Resources */ = {isa = PBXBuildFile; fileRef = EB176A761D8D771C003B7823 /* verbs-and-pronouns.html */; };
		EB176A791D8D83E3003B7823 /* TabView.swift in Sources */ = {isa = PBXBuildFile; fileRef = EB176A781D8D83E3003B7823 /* TabView.swift */; };
		EB176A7B1D8D8403003B7823 /* TabBarView.swift in Sources */ = {isa = PBXBuildFile; fileRef = EB176A7A1D8D8403003B7823 /* TabBarView.swift */; };
		EB85769B1D8DA2770086C8C2 /* TooltipView.swift in Sources */ = {isa = PBXBuildFile; fileRef = EB85769A1D8DA2770086C8C2 /* TooltipView.swift */; };
		EB85769F1D8DB83E0086C8C2 /* numbers.html in Resources */ = {isa = PBXBuildFile; fileRef = EB85769D1D8DB83E0086C8C2 /* numbers.html */; };
		EB8576A31D8DBBCF0086C8C2 /* MainViewController.swift in Sources */ = {isa = PBXBuildFile; fileRef = EB8576A21D8DBBCF0086C8C2 /* MainViewController.swift */; };
		EBAF77C01D8CF28900786B1D /* AppDelegate.swift in Sources */ = {isa = PBXBuildFile; fileRef = EBAF77BF1D8CF28900786B1D /* AppDelegate.swift */; };
		EBAF77C51D8CF28900786B1D /* Main.storyboard in Resources */ = {isa = PBXBuildFile; fileRef = EBAF77C31D8CF28900786B1D /* Main.storyboard */; };
		EBAF77C71D8CF28900786B1D /* Assets.xcassets in Resources */ = {isa = PBXBuildFile; fileRef = EBAF77C61D8CF28900786B1D /* Assets.xcassets */; };
		EBAF77CA1D8CF28900786B1D /* LaunchScreen.storyboard in Resources */ = {isa = PBXBuildFile; fileRef = EBAF77C81D8CF28900786B1D /* LaunchScreen.storyboard */; };
/* End PBXBuildFile section */

/* Begin PBXFileReference section */
		EB176A621D8CF354003B7823 /* Story.swift */ = {isa = PBXFileReference; fileEncoding = 4; lastKnownFileType = sourcecode.swift; path = Story.swift; sourceTree = "<group>"; };
		EB176A651D8CF446003B7823 /* StoryCell.swift */ = {isa = PBXFileReference; fileEncoding = 4; lastKnownFileType = sourcecode.swift; path = StoryCell.swift; sourceTree = "<group>"; };
		EB176A671D8D5DF4003B7823 /* StoryViewController.swift */ = {isa = PBXFileReference; fileEncoding = 4; lastKnownFileType = sourcecode.swift; path = StoryViewController.swift; sourceTree = "<group>"; };
		EB176A691D8D62D5003B7823 /* StoryTextView.swift */ = {isa = PBXFileReference; fileEncoding = 4; lastKnownFileType = sourcecode.swift; path = StoryTextView.swift; sourceTree = "<group>"; };
		EB176A6B1D8D62E8003B7823 /* StoryTextView.xib */ = {isa = PBXFileReference; fileEncoding = 4; lastKnownFileType = file.xib; path = StoryTextView.xib; sourceTree = "<group>"; };
		EB176A6F1D8D75F1003B7823 /* StoryLessonView.swift */ = {isa = PBXFileReference; fileEncoding = 4; lastKnownFileType = sourcecode.swift; path = StoryLessonView.swift; sourceTree = "<group>"; };
		EB176A711D8D7602003B7823 /* StoryLessonView.xib */ = {isa = PBXFileReference; fileEncoding = 4; lastKnownFileType = file.xib; path = StoryLessonView.xib; sourceTree = "<group>"; };
		EB176A761D8D771C003B7823 /* verbs-and-pronouns.html */ = {isa = PBXFileReference; fileEncoding = 4; lastKnownFileType = text.html; name = "verbs-and-pronouns.html"; path = "Lessons/verbs-and-pronouns.html"; sourceTree = "<group>"; };
		EB176A781D8D83E3003B7823 /* TabView.swift */ = {isa = PBXFileReference; fileEncoding = 4; lastKnownFileType = sourcecode.swift; path = TabView.swift; sourceTree = "<group>"; };
		EB176A7A1D8D8403003B7823 /* TabBarView.swift */ = {isa = PBXFileReference; fileEncoding = 4; lastKnownFileType = sourcecode.swift; path = TabBarView.swift; sourceTree = "<group>"; };
		EB85769A1D8DA2770086C8C2 /* TooltipView.swift */ = {isa = PBXFileReference; fileEncoding = 4; lastKnownFileType = sourcecode.swift; path = TooltipView.swift; sourceTree = "<group>"; };
		EB85769D1D8DB83E0086C8C2 /* numbers.html */ = {isa = PBXFileReference; fileEncoding = 4; lastKnownFileType = text.html; name = numbers.html; path = Lessons/numbers.html; sourceTree = "<group>"; };
		EB8576A21D8DBBCF0086C8C2 /* MainViewController.swift */ = {isa = PBXFileReference; fileEncoding = 4; lastKnownFileType = sourcecode.swift; path = MainViewController.swift; sourceTree = "<group>"; };
		EBAF77BC1D8CF28900786B1D /* Stories.app */ = {isa = PBXFileReference; explicitFileType = wrapper.application; includeInIndex = 0; path = Stories.app; sourceTree = BUILT_PRODUCTS_DIR; };
		EBAF77BF1D8CF28900786B1D /* AppDelegate.swift */ = {isa = PBXFileReference; lastKnownFileType = sourcecode.swift; path = AppDelegate.swift; sourceTree = "<group>"; };
		EBAF77C41D8CF28900786B1D /* Base */ = {isa = PBXFileReference; lastKnownFileType = file.storyboard; name = Base; path = Base.lproj/Main.storyboard; sourceTree = "<group>"; };
		EBAF77C61D8CF28900786B1D /* Assets.xcassets */ = {isa = PBXFileReference; lastKnownFileType = folder.assetcatalog; path = Assets.xcassets; sourceTree = "<group>"; };
		EBAF77C91D8CF28900786B1D /* Base */ = {isa = PBXFileReference; lastKnownFileType = file.storyboard; name = Base; path = Base.lproj/LaunchScreen.storyboard; sourceTree = "<group>"; };
		EBAF77CB1D8CF28900786B1D /* Info.plist */ = {isa = PBXFileReference; lastKnownFileType = text.plist.xml; path = Info.plist; sourceTree = "<group>"; };
/* End PBXFileReference section */

/* Begin PBXFrameworksBuildPhase section */
		EBAF77B91D8CF28900786B1D /* Frameworks */ = {
			isa = PBXFrameworksBuildPhase;
			buildActionMask = 2147483647;
			files = (
			);
			runOnlyForDeploymentPostprocessing = 0;
		};
/* End PBXFrameworksBuildPhase section */

/* Begin PBXGroup section */
		EB176A5F1D8CF312003B7823 /* View Controllers */ = {
			isa = PBXGroup;
			children = (
				EB176A671D8D5DF4003B7823 /* StoryViewController.swift */,
				EB8576A21D8DBBCF0086C8C2 /* MainViewController.swift */,
			);
			name = "View Controllers";
			sourceTree = "<group>";
		};
		EB176A641D8CF43D003B7823 /* Views */ = {
			isa = PBXGroup;
			children = (
				EB176A651D8CF446003B7823 /* StoryCell.swift */,
				EB176A691D8D62D5003B7823 /* StoryTextView.swift */,
				EB176A6B1D8D62E8003B7823 /* StoryTextView.xib */,
				EB176A6F1D8D75F1003B7823 /* StoryLessonView.swift */,
				EB176A711D8D7602003B7823 /* StoryLessonView.xib */,
				EB176A781D8D83E3003B7823 /* TabView.swift */,
				EB176A7A1D8D8403003B7823 /* TabBarView.swift */,
				EB85769A1D8DA2770086C8C2 /* TooltipView.swift */,
			);
			name = Views;
			sourceTree = "<group>";
		};
		EB176A751D8D7716003B7823 /* Lessons */ = {
			isa = PBXGroup;
			children = (
				EB176A761D8D771C003B7823 /* verbs-and-pronouns.html */,
				EB85769D1D8DB83E0086C8C2 /* numbers.html */,
			);
			name = Lessons;
			sourceTree = "<group>";
		};
		EBAF77B31D8CF28900786B1D = {
			isa = PBXGroup;
			children = (
				EBAF77BE1D8CF28900786B1D /* Stories */,
				EBAF77BD1D8CF28900786B1D /* Products */,
			);
			sourceTree = "<group>";
		};
		EBAF77BD1D8CF28900786B1D /* Products */ = {
			isa = PBXGroup;
			children = (
				EBAF77BC1D8CF28900786B1D /* Stories.app */,
			);
			name = Products;
			sourceTree = "<group>";
		};
		EBAF77BE1D8CF28900786B1D /* Stories */ = {
			isa = PBXGroup;
			children = (
				EB176A751D8D7716003B7823 /* Lessons */,
				EBAF77BF1D8CF28900786B1D /* AppDelegate.swift */,
				EB176A5F1D8CF312003B7823 /* View Controllers */,
				EB176A641D8CF43D003B7823 /* Views */,
				EB176A621D8CF354003B7823 /* Story.swift */,
				EBAF77C31D8CF28900786B1D /* Main.storyboard */,
				EBAF77C61D8CF28900786B1D /* Assets.xcassets */,
				EBAF77C81D8CF28900786B1D /* LaunchScreen.storyboard */,
				EBAF77CB1D8CF28900786B1D /* Info.plist */,
			);
			path = Stories;
			sourceTree = "<group>";
		};
/* End PBXGroup section */

/* Begin PBXNativeTarget section */
		EBAF77BB1D8CF28900786B1D /* Stories */ = {
			isa = PBXNativeTarget;
			buildConfigurationList = EBAF77CE1D8CF28900786B1D /* Build configuration list for PBXNativeTarget "Stories" */;
			buildPhases = (
				EBAF77B81D8CF28900786B1D /* Sources */,
				EBAF77B91D8CF28900786B1D /* Frameworks */,
				EBAF77BA1D8CF28900786B1D /* Resources */,
			);
			buildRules = (
			);
			dependencies = (
			);
			name = Stories;
			productName = Stories;
			productReference = EBAF77BC1D8CF28900786B1D /* Stories.app */;
			productType = "com.apple.product-type.application";
		};
/* End PBXNativeTarget section */

/* Begin PBXProject section */
		EBAF77B41D8CF28900786B1D /* Project object */ = {
			isa = PBXProject;
			attributes = {
				LastSwiftUpdateCheck = 0800;
				LastUpgradeCheck = 0800;
				ORGANIZATIONNAME = "Jack Cook";
				TargetAttributes = {
					EBAF77BB1D8CF28900786B1D = {
						CreatedOnToolsVersion = 8.0;
						DevelopmentTeam = 59PUM5CV3T;
						ProvisioningStyle = Automatic;
					};
				};
			};
			buildConfigurationList = EBAF77B71D8CF28900786B1D /* Build configuration list for PBXProject "Stories" */;
			compatibilityVersion = "Xcode 3.2";
			developmentRegion = English;
			hasScannedForEncodings = 0;
			knownRegions = (
				en,
				Base,
			);
			mainGroup = EBAF77B31D8CF28900786B1D;
			productRefGroup = EBAF77BD1D8CF28900786B1D /* Products */;
			projectDirPath = "";
			projectRoot = "";
			targets = (
				EBAF77BB1D8CF28900786B1D /* Stories */,
			);
		};
/* End PBXProject section */

/* Begin PBXResourcesBuildPhase section */
		EBAF77BA1D8CF28900786B1D /* Resources */ = {
			isa = PBXResourcesBuildPhase;
			buildActionMask = 2147483647;
			files = (
				EB176A721D8D7602003B7823 /* StoryLessonView.xib in Resources */,
				EBAF77CA1D8CF28900786B1D /* LaunchScreen.storyboard in Resources */,
				EB85769F1D8DB83E0086C8C2 /* numbers.html in Resources */,
				EBAF77C71D8CF28900786B1D /* Assets.xcassets in Resources */,
				EB176A771D8D771C003B7823 /* verbs-and-pronouns.html in Resources */,
				EBAF77C51D8CF28900786B1D /* Main.storyboard in Resources */,
				EB176A6C1D8D62E8003B7823 /* StoryTextView.xib in Resources */,
			);
			runOnlyForDeploymentPostprocessing = 0;
		};
/* End PBXResourcesBuildPhase section */

/* Begin PBXSourcesBuildPhase section */
		EBAF77B81D8CF28900786B1D /* Sources */ = {
			isa = PBXSourcesBuildPhase;
			buildActionMask = 2147483647;
			files = (
				EB176A681D8D5DF4003B7823 /* StoryViewController.swift in Sources */,
				EB176A7B1D8D8403003B7823 /* TabBarView.swift in Sources */,
				EB176A701D8D75F1003B7823 /* StoryLessonView.swift in Sources */,
				EB8576A31D8DBBCF0086C8C2 /* MainViewController.swift in Sources */,
				EB176A791D8D83E3003B7823 /* TabView.swift in Sources */,
				EBAF77C01D8CF28900786B1D /* AppDelegate.swift in Sources */,
				EB85769B1D8DA2770086C8C2 /* TooltipView.swift in Sources */,
				EB176A631D8CF354003B7823 /* Story.swift in Sources */,
				EB176A661D8CF446003B7823 /* StoryCell.swift in Sources */,
				EB176A6A1D8D62D5003B7823 /* StoryTextView.swift in Sources */,
			);
			runOnlyForDeploymentPostprocessing = 0;
		};
/* End PBXSourcesBuildPhase section */

/* Begin PBXVariantGroup section */
		EBAF77C31D8CF28900786B1D /* Main.storyboard */ = {
			isa = PBXVariantGroup;
			children = (
				EBAF77C41D8CF28900786B1D /* Base */,
			);
			name = Main.storyboard;
			sourceTree = "<group>";
		};
		EBAF77C81D8CF28900786B1D /* LaunchScreen.storyboard */ = {
			isa = PBXVariantGroup;
			children = (
				EBAF77C91D8CF28900786B1D /* Base */,
			);
			name = LaunchScreen.storyboard;
			sourceTree = "<group>";
		};
/* End PBXVariantGroup section */

/* Begin XCBuildConfiguration section */
		EBAF77CC1D8CF28900786B1D /* Debug */ = {
			isa = XCBuildConfiguration;
			buildSettings = {
				ALWAYS_SEARCH_USER_PATHS = NO;
				CLANG_ANALYZER_NONNULL = YES;
				CLANG_CXX_LANGUAGE_STANDARD = "gnu++0x";
				CLANG_CXX_LIBRARY = "libc++";
				CLANG_ENABLE_MODULES = YES;
				CLANG_ENABLE_OBJC_ARC = YES;
				CLANG_WARN_BOOL_CONVERSION = YES;
				CLANG_WARN_CONSTANT_CONVERSION = YES;
				CLANG_WARN_DIRECT_OBJC_ISA_USAGE = YES_ERROR;
				CLANG_WARN_DOCUMENTATION_COMMENTS = YES;
				CLANG_WARN_EMPTY_BODY = YES;
				CLANG_WARN_ENUM_CONVERSION = YES;
				CLANG_WARN_INFINITE_RECURSION = YES;
				CLANG_WARN_INT_CONVERSION = YES;
				CLANG_WARN_OBJC_ROOT_CLASS = YES_ERROR;
				CLANG_WARN_SUSPICIOUS_MOVES = YES;
				CLANG_WARN_UNREACHABLE_CODE = YES;
				CLANG_WARN__DUPLICATE_METHOD_MATCH = YES;
				"CODE_SIGN_IDENTITY[sdk=iphoneos*]" = "iPhone Developer";
				COPY_PHASE_STRIP = NO;
				DEBUG_INFORMATION_FORMAT = dwarf;
				ENABLE_STRICT_OBJC_MSGSEND = YES;
				ENABLE_TESTABILITY = YES;
				GCC_C_LANGUAGE_STANDARD = gnu99;
				GCC_DYNAMIC_NO_PIC = NO;
				GCC_NO_COMMON_BLOCKS = YES;
				GCC_OPTIMIZATION_LEVEL = 0;
				GCC_PREPROCESSOR_DEFINITIONS = (
					"DEBUG=1",
					"$(inherited)",
				);
				GCC_WARN_64_TO_32_BIT_CONVERSION = YES;
				GCC_WARN_ABOUT_RETURN_TYPE = YES_ERROR;
				GCC_WARN_UNDECLARED_SELECTOR = YES;
				GCC_WARN_UNINITIALIZED_AUTOS = YES_AGGRESSIVE;
				GCC_WARN_UNUSED_FUNCTION = YES;
				GCC_WARN_UNUSED_VARIABLE = YES;
				IPHONEOS_DEPLOYMENT_TARGET = 10.0;
				MTL_ENABLE_DEBUG_INFO = YES;
				ONLY_ACTIVE_ARCH = YES;
				SDKROOT = iphoneos;
				SWIFT_ACTIVE_COMPILATION_CONDITIONS = DEBUG;
				SWIFT_OPTIMIZATION_LEVEL = "-Onone";
			};
			name = Debug;
		};
		EBAF77CD1D8CF28900786B1D /* Release */ = {
			isa = XCBuildConfiguration;
			buildSettings = {
				ALWAYS_SEARCH_USER_PATHS = NO;
				CLANG_ANALYZER_NONNULL = YES;
				CLANG_CXX_LANGUAGE_STANDARD = "gnu++0x";
				CLANG_CXX_LIBRARY = "libc++";
				CLANG_ENABLE_MODULES = YES;
				CLANG_ENABLE_OBJC_ARC = YES;
				CLANG_WARN_BOOL_CONVERSION = YES;
				CLANG_WARN_CONSTANT_CONVERSION = YES;
				CLANG_WARN_DIRECT_OBJC_ISA_USAGE = YES_ERROR;
				CLANG_WARN_DOCUMENTATION_COMMENTS = YES;
				CLANG_WARN_EMPTY_BODY = YES;
				CLANG_WARN_ENUM_CONVERSION = YES;
				CLANG_WARN_INFINITE_RECURSION = YES;
				CLANG_WARN_INT_CONVERSION = YES;
				CLANG_WARN_OBJC_ROOT_CLASS = YES_ERROR;
				CLANG_WARN_SUSPICIOUS_MOVES = YES;
				CLANG_WARN_UNREACHABLE_CODE = YES;
				CLANG_WARN__DUPLICATE_METHOD_MATCH = YES;
				"CODE_SIGN_IDENTITY[sdk=iphoneos*]" = "iPhone Developer";
				COPY_PHASE_STRIP = NO;
				DEBUG_INFORMATION_FORMAT = "dwarf-with-dsym";
				ENABLE_NS_ASSERTIONS = NO;
				ENABLE_STRICT_OBJC_MSGSEND = YES;
				GCC_C_LANGUAGE_STANDARD = gnu99;
				GCC_NO_COMMON_BLOCKS = YES;
				GCC_WARN_64_TO_32_BIT_CONVERSION = YES;
				GCC_WARN_ABOUT_RETURN_TYPE = YES_ERROR;
				GCC_WARN_UNDECLARED_SELECTOR = YES;
				GCC_WARN_UNINITIALIZED_AUTOS = YES_AGGRESSIVE;
				GCC_WARN_UNUSED_FUNCTION = YES;
				GCC_WARN_UNUSED_VARIABLE = YES;
				IPHONEOS_DEPLOYMENT_TARGET = 10.0;
				MTL_ENABLE_DEBUG_INFO = NO;
				SDKROOT = iphoneos;
				SWIFT_OPTIMIZATION_LEVEL = "-Owholemodule";
				VALIDATE_PRODUCT = YES;
			};
			name = Release;
		};
		EBAF77CF1D8CF28900786B1D /* Debug */ = {
			isa = XCBuildConfiguration;
			buildSettings = {
				ASSETCATALOG_COMPILER_APPICON_NAME = AppIcon;
				DEVELOPMENT_TEAM = 59PUM5CV3T;
				INFOPLIST_FILE = Stories/Info.plist;
				LD_RUNPATH_SEARCH_PATHS = "$(inherited) @executable_path/Frameworks";
				PRODUCT_BUNDLE_IDENTIFIER = nyc.jackcook.Stories;
				PRODUCT_NAME = "$(TARGET_NAME)";
				SWIFT_VERSION = 3.0;
			};
			name = Debug;
		};
		EBAF77D01D8CF28900786B1D /* Release */ = {
			isa = XCBuildConfiguration;
			buildSettings = {
				ASSETCATALOG_COMPILER_APPICON_NAME = AppIcon;
				DEVELOPMENT_TEAM = 59PUM5CV3T;
				INFOPLIST_FILE = Stories/Info.plist;
				LD_RUNPATH_SEARCH_PATHS = "$(inherited) @executable_path/Frameworks";
				PRODUCT_BUNDLE_IDENTIFIER = nyc.jackcook.Stories;
				PRODUCT_NAME = "$(TARGET_NAME)";
				SWIFT_VERSION = 3.0;
			};
			name = Release;
		};
/* End XCBuildConfiguration section */

/* Begin XCConfigurationList section */
		EBAF77B71D8CF28900786B1D /* Build configuration list for PBXProject "Stories" */ = {
			isa = XCConfigurationList;
			buildConfigurations = (
				EBAF77CC1D8CF28900786B1D /* Debug */,
				EBAF77CD1D8CF28900786B1D /* Release */,
			);
			defaultConfigurationIsVisible = 0;
			defaultConfigurationName = Release;
		};
		EBAF77CE1D8CF28900786B1D /* Build configuration list for PBXNativeTarget "Stories" */ = {
			isa = XCConfigurationList;
			buildConfigurations = (
				EBAF77CF1D8CF28900786B1D /* Debug */,
				EBAF77D01D8CF28900786B1D /* Release */,
			);
			defaultConfigurationIsVisible = 0;
			defaultConfigurationName = Release;
		};
/* End XCConfigurationList section */
	};
	rootObject = EBAF77B41D8CF28900786B1D /* Project object */;
}
